
Microsoft Visual Studio Solution File, Format Version 12.00
# Visual Studio 14
VisualStudioVersion = 14.0.25420.1
MinimumVisualStudioVersion = 10.0.40219.1
Project("{FAE04EC0-301F-11D3-BF4B-00C04F79EFBC}") = "Cas.Common.WPF", "Cas.Common.WPF\Cas.Common.WPF.csproj", "{86D22D5C-D662-4F6D-A2D3-F27C6D6D33C0}"
EndProject
Project("{2150E333-8FDC-42A3-9474-1A3956D46DE8}") = "Example", "Example", "{AD819295-7CAD-45ED-81B4-F10C8169B618}"
EndProject
Project("{FAE04EC0-301F-11D3-BF4B-00C04F79EFBC}") = "FileDialogServiceExample", "FileDialogServiceExample\FileDialogServiceExample.csproj", "{ABE1FF73-AD20-437A-965A-BEB708791362}"
EndProject
Project("{FAE04EC0-301F-11D3-BF4B-00C04F79EFBC}") = "MessageBoxServiceExample", "MessageBoxServiceExample\MessageBoxServiceExample.csproj", "{F2F3BA4F-9207-42AE-B569-37153AC3826A}"
EndProject
Project("{FAE04EC0-301F-11D3-BF4B-00C04F79EFBC}") = "ViewServiceExample", "ViewServiceExample\ViewServiceExample.csproj", "{2BC60895-DD35-41B4-A80C-57799D20ECF3}"
EndProject
Project("{FAE04EC0-301F-11D3-BF4B-00C04F79EFBC}") = "OrderedListExample", "OrderedListExample\OrderedListExample.csproj", "{34C0EFF7-5CE3-4303-9824-D676FDAD1F82}"
EndProject
Project("{FAE04EC0-301F-11D3-BF4B-00C04F79EFBC}") = "CloseableExample", "CloseableExample\CloseableExample.csproj", "{4C1D49BA-2965-412B-88C9-3CD5C661D214}"
EndProject
Project("{FAE04EC0-301F-11D3-BF4B-00C04F79EFBC}") = "FocusExample", "FocusExample\FocusExample.csproj", "{45A90376-ADA5-446D-8565-CCBA799C3706}"
EndProject
Project("{FAE04EC0-301F-11D3-BF4B-00C04F79EFBC}") = "BindableSelectedTreeViewItemExample", "BindableSelectedTreeViewItemExample\BindableSelectedTreeViewItemExample.csproj", "{45F87A6D-3787-40ED-AB7B-FF45E25244C9}"
EndProject
Project("{FAE04EC0-301F-11D3-BF4B-00C04F79EFBC}") = "DraggableExample", "DraggableExample\DraggableExample.csproj", "{1535344B-213A-4D7E-9449-858C23E189DE}"
EndProject
Project("{FAE04EC0-301F-11D3-BF4B-00C04F79EFBC}") = "AnimateOnChangeExample", "AnimateOnChangeExample\AnimateOnChangeExample.csproj", "{BB30EC10-559F-4A5A-9D24-14019E3F9C14}"
EndProject
Project("{FAE04EC0-301F-11D3-BF4B-00C04F79EFBC}") = "MultiSelectorExample", "MultiSelectorExample\MultiSelectorExample.csproj", "{366DCA0B-AF40-43A0-BBAB-E5FE4B8957C9}"
EndProject
Project("{FAE04EC0-301F-11D3-BF4B-00C04F79EFBC}") = "AutoGreyableImageExample", "AutoGreyableImageExample\AutoGreyableImageExample.csproj", "{D64C8436-4228-4D88-A819-2265AC839591}"
EndProject
Project("{FAE04EC0-301F-11D3-BF4B-00C04F79EFBC}") = "BindablePasswordBoxExample", "BindablePasswordBoxExample\BindablePasswordBoxExample.csproj", "{D0150CE1-4482-4141-8CFF-AF4C5BCC4024}"
EndProject
Project("{FAE04EC0-301F-11D3-BF4B-00C04F79EFBC}") = "ConvertersExample", "ConvertersExample\ConvertersExample.csproj", "{3340D488-494E-4ACC-9EAF-60C4339DAE83}"
EndProject
Project("{FAE04EC0-301F-11D3-BF4B-00C04F79EFBC}") = "PerformViewModelExample", "PerformViewModelExample\PerformViewModelExample.csproj", "{04034024-2B3E-40CF-AFA5-D7FF9362F4C1}"
EndProject
Global
	GlobalSection(SolutionConfigurationPlatforms) = preSolution
		Debug|Any CPU = Debug|Any CPU
		Release|Any CPU = Release|Any CPU
	EndGlobalSection
	GlobalSection(ProjectConfigurationPlatforms) = postSolution
		{86D22D5C-D662-4F6D-A2D3-F27C6D6D33C0}.Debug|Any CPU.ActiveCfg = Debug|Any CPU
		{86D22D5C-D662-4F6D-A2D3-F27C6D6D33C0}.Debug|Any CPU.Build.0 = Debug|Any CPU
		{86D22D5C-D662-4F6D-A2D3-F27C6D6D33C0}.Release|Any CPU.ActiveCfg = Release|Any CPU
		{86D22D5C-D662-4F6D-A2D3-F27C6D6D33C0}.Release|Any CPU.Build.0 = Release|Any CPU
		{ABE1FF73-AD20-437A-965A-BEB708791362}.Debug|Any CPU.ActiveCfg = Debug|Any CPU
		{ABE1FF73-AD20-437A-965A-BEB708791362}.Debug|Any CPU.Build.0 = Debug|Any CPU
		{ABE1FF73-AD20-437A-965A-BEB708791362}.Release|Any CPU.ActiveCfg = Release|Any CPU
		{ABE1FF73-AD20-437A-965A-BEB708791362}.Release|Any CPU.Build.0 = Release|Any CPU
		{F2F3BA4F-9207-42AE-B569-37153AC3826A}.Debug|Any CPU.ActiveCfg = Debug|Any CPU
		{F2F3BA4F-9207-42AE-B569-37153AC3826A}.Debug|Any CPU.Build.0 = Debug|Any CPU
		{F2F3BA4F-9207-42AE-B569-37153AC3826A}.Release|Any CPU.ActiveCfg = Release|Any CPU
		{F2F3BA4F-9207-42AE-B569-37153AC3826A}.Release|Any CPU.Build.0 = Release|Any CPU
		{2BC60895-DD35-41B4-A80C-57799D20ECF3}.Debug|Any CPU.ActiveCfg = Debug|Any CPU
		{2BC60895-DD35-41B4-A80C-57799D20ECF3}.Debug|Any CPU.Build.0 = Debug|Any CPU
		{2BC60895-DD35-41B4-A80C-57799D20ECF3}.Release|Any CPU.ActiveCfg = Release|Any CPU
		{2BC60895-DD35-41B4-A80C-57799D20ECF3}.Release|Any CPU.Build.0 = Release|Any CPU
		{34C0EFF7-5CE3-4303-9824-D676FDAD1F82}.Debug|Any CPU.ActiveCfg = Debug|Any CPU
		{34C0EFF7-5CE3-4303-9824-D676FDAD1F82}.Debug|Any CPU.Build.0 = Debug|Any CPU
		{34C0EFF7-5CE3-4303-9824-D676FDAD1F82}.Release|Any CPU.ActiveCfg = Release|Any CPU
		{34C0EFF7-5CE3-4303-9824-D676FDAD1F82}.Release|Any CPU.Build.0 = Release|Any CPU
		{4C1D49BA-2965-412B-88C9-3CD5C661D214}.Debug|Any CPU.ActiveCfg = Debug|Any CPU
		{4C1D49BA-2965-412B-88C9-3CD5C661D214}.Debug|Any CPU.Build.0 = Debug|Any CPU
		{4C1D49BA-2965-412B-88C9-3CD5C661D214}.Release|Any CPU.ActiveCfg = Release|Any CPU
		{4C1D49BA-2965-412B-88C9-3CD5C661D214}.Release|Any CPU.Build.0 = Release|Any CPU
		{45A90376-ADA5-446D-8565-CCBA799C3706}.Debug|Any CPU.ActiveCfg = Debug|Any CPU
		{45A90376-ADA5-446D-8565-CCBA799C3706}.Debug|Any CPU.Build.0 = Debug|Any CPU
		{45A90376-ADA5-446D-8565-CCBA799C3706}.Release|Any CPU.ActiveCfg = Release|Any CPU
		{45A90376-ADA5-446D-8565-CCBA799C3706}.Release|Any CPU.Build.0 = Release|Any CPU
		{45F87A6D-3787-40ED-AB7B-FF45E25244C9}.Debug|Any CPU.ActiveCfg = Debug|Any CPU
		{45F87A6D-3787-40ED-AB7B-FF45E25244C9}.Debug|Any CPU.Build.0 = Debug|Any CPU
		{45F87A6D-3787-40ED-AB7B-FF45E25244C9}.Release|Any CPU.ActiveCfg = Release|Any CPU
		{45F87A6D-3787-40ED-AB7B-FF45E25244C9}.Release|Any CPU.Build.0 = Release|Any CPU
		{1535344B-213A-4D7E-9449-858C23E189DE}.Debug|Any CPU.ActiveCfg = Debug|Any CPU
		{1535344B-213A-4D7E-9449-858C23E189DE}.Debug|Any CPU.Build.0 = Debug|Any CPU
		{1535344B-213A-4D7E-9449-858C23E189DE}.Release|Any CPU.ActiveCfg = Release|Any CPU
		{1535344B-213A-4D7E-9449-858C23E189DE}.Release|Any CPU.Build.0 = Release|Any CPU
		{BB30EC10-559F-4A5A-9D24-14019E3F9C14}.Debug|Any CPU.ActiveCfg = Debug|Any CPU
		{BB30EC10-559F-4A5A-9D24-14019E3F9C14}.Debug|Any CPU.Build.0 = Debug|Any CPU
		{BB30EC10-559F-4A5A-9D24-14019E3F9C14}.Release|Any CPU.ActiveCfg = Release|Any CPU
		{BB30EC10-559F-4A5A-9D24-14019E3F9C14}.Release|Any CPU.Build.0 = Release|Any CPU
		{366DCA0B-AF40-43A0-BBAB-E5FE4B8957C9}.Debug|Any CPU.ActiveCfg = Debug|Any CPU
		{366DCA0B-AF40-43A0-BBAB-E5FE4B8957C9}.Debug|Any CPU.Build.0 = Debug|Any CPU
		{366DCA0B-AF40-43A0-BBAB-E5FE4B8957C9}.Release|Any CPU.ActiveCfg = Release|Any CPU
		{366DCA0B-AF40-43A0-BBAB-E5FE4B8957C9}.Release|Any CPU.Build.0 = Release|Any CPU
		{D64C8436-4228-4D88-A819-2265AC839591}.Debug|Any CPU.ActiveCfg = Debug|Any CPU
		{D64C8436-4228-4D88-A819-2265AC839591}.Debug|Any CPU.Build.0 = Debug|Any CPU
		{D64C8436-4228-4D88-A819-2265AC839591}.Release|Any CPU.ActiveCfg = Release|Any CPU
		{D64C8436-4228-4D88-A819-2265AC839591}.Release|Any CPU.Build.0 = Release|Any CPU
		{D0150CE1-4482-4141-8CFF-AF4C5BCC4024}.Debug|Any CPU.ActiveCfg = Debug|Any CPU
		{D0150CE1-4482-4141-8CFF-AF4C5BCC4024}.Debug|Any CPU.Build.0 = Debug|Any CPU
		{D0150CE1-4482-4141-8CFF-AF4C5BCC4024}.Release|Any CPU.ActiveCfg = Release|Any CPU
		{D0150CE1-4482-4141-8CFF-AF4C5BCC4024}.Release|Any CPU.Build.0 = Release|Any CPU
		{3340D488-494E-4ACC-9EAF-60C4339DAE83}.Debug|Any CPU.ActiveCfg = Debug|Any CPU
		{3340D488-494E-4ACC-9EAF-60C4339DAE83}.Debug|Any CPU.Build.0 = Debug|Any CPU
		{3340D488-494E-4ACC-9EAF-60C4339DAE83}.Release|Any CPU.ActiveCfg = Release|Any CPU
		{3340D488-494E-4ACC-9EAF-60C4339DAE83}.Release|Any CPU.Build.0 = Release|Any CPU
		{04034024-2B3E-40CF-AFA5-D7FF9362F4C1}.Debug|Any CPU.ActiveCfg = Debug|Any CPU
		{04034024-2B3E-40CF-AFA5-D7FF9362F4C1}.Debug|Any CPU.Build.0 = Debug|Any CPU
		{04034024-2B3E-40CF-AFA5-D7FF9362F4C1}.Release|Any CPU.ActiveCfg = Release|Any CPU
		{04034024-2B3E-40CF-AFA5-D7FF9362F4C1}.Release|Any CPU.Build.0 = Release|Any CPU
	EndGlobalSection
	GlobalSection(SolutionProperties) = preSolution
		HideSolutionNode = FALSE
	EndGlobalSection
	GlobalSection(NestedProjects) = preSolution
		{ABE1FF73-AD20-437A-965A-BEB708791362} = {AD819295-7CAD-45ED-81B4-F10C8169B618}
		{F2F3BA4F-9207-42AE-B569-37153AC3826A} = {AD819295-7CAD-45ED-81B4-F10C8169B618}
		{2BC60895-DD35-41B4-A80C-57799D20ECF3} = {AD819295-7CAD-45ED-81B4-F10C8169B618}
		{34C0EFF7-5CE3-4303-9824-D676FDAD1F82} = {AD819295-7CAD-45ED-81B4-F10C8169B618}
		{4C1D49BA-2965-412B-88C9-3CD5C661D214} = {AD819295-7CAD-45ED-81B4-F10C8169B618}
		{45A90376-ADA5-446D-8565-CCBA799C3706} = {AD819295-7CAD-45ED-81B4-F10C8169B618}
		{45F87A6D-3787-40ED-AB7B-FF45E25244C9} = {AD819295-7CAD-45ED-81B4-F10C8169B618}
		{1535344B-213A-4D7E-9449-858C23E189DE} = {AD819295-7CAD-45ED-81B4-F10C8169B618}
		{BB30EC10-559F-4A5A-9D24-14019E3F9C14} = {AD819295-7CAD-45ED-81B4-F10C8169B618}
		{366DCA0B-AF40-43A0-BBAB-E5FE4B8957C9} = {AD819295-7CAD-45ED-81B4-F10C8169B618}
		{D64C8436-4228-4D88-A819-2265AC839591} = {AD819295-7CAD-45ED-81B4-F10C8169B618}
		{D0150CE1-4482-4141-8CFF-AF4C5BCC4024} = {AD819295-7CAD-45ED-81B4-F10C8169B618}
		{3340D488-494E-4ACC-9EAF-60C4339DAE83} = {AD819295-7CAD-45ED-81B4-F10C8169B618}
		{04034024-2B3E-40CF-AFA5-D7FF9362F4C1} = {AD819295-7CAD-45ED-81B4-F10C8169B618}
	EndGlobalSection
EndGlobal
